// !$*UTF8*$!
{
	archiveVersion = 1;
	classes = {
	};
	objectVersion = 56;
	objects = {

/* Begin PBXBuildFile section */
		1101AE6F2B20F02C00CF7EC4 /* TestStanApp.swift in Sources */ = {isa = PBXBuildFile; fileRef = 1101AE6E2B20F02C00CF7EC4 /* TestStanApp.swift */; };
		1101AE712B20F02C00CF7EC4 /* ContentView.swift in Sources */ = {isa = PBXBuildFile; fileRef = 1101AE702B20F02C00CF7EC4 /* ContentView.swift */; };
		1101AE732B20F02E00CF7EC4 /* Assets.xcassets in Resources */ = {isa = PBXBuildFile; fileRef = 1101AE722B20F02E00CF7EC4 /* Assets.xcassets */; };
		1101AE762B20F02E00CF7EC4 /* Preview Assets.xcassets in Resources */ = {isa = PBXBuildFile; fileRef = 1101AE752B20F02E00CF7EC4 /* Preview Assets.xcassets */; };
		1101AE802B20F02F00CF7EC4 /* TestStanTests.swift in Sources */ = {isa = PBXBuildFile; fileRef = 1101AE7F2B20F02F00CF7EC4 /* TestStanTests.swift */; };
		1101AE8A2B20F02F00CF7EC4 /* TestStanUITests.swift in Sources */ = {isa = PBXBuildFile; fileRef = 1101AE892B20F02F00CF7EC4 /* TestStanUITests.swift */; };
		1101AE8C2B20F02F00CF7EC4 /* TestStanUITestsLaunchTests.swift in Sources */ = {isa = PBXBuildFile; fileRef = 1101AE8B2B20F02F00CF7EC4 /* TestStanUITestsLaunchTests.swift */; };
/* End PBXBuildFile section */

/* Begin PBXContainerItemProxy section */
		1101AE7C2B20F02F00CF7EC4 /* PBXContainerItemProxy */ = {
			isa = PBXContainerItemProxy;
			containerPortal = 1101AE632B20F02B00CF7EC4 /* Project object */;
			proxyType = 1;
			remoteGlobalIDString = 1101AE6A2B20F02C00CF7EC4;
			remoteInfo = TestStan;
		};
		1101AE862B20F02F00CF7EC4 /* PBXContainerItemProxy */ = {
			isa = PBXContainerItemProxy;
			containerPortal = 1101AE632B20F02B00CF7EC4 /* Project object */;
			proxyType = 1;
			remoteGlobalIDString = 1101AE6A2B20F02C00CF7EC4;
			remoteInfo = TestStan;
		};
/* End PBXContainerItemProxy section */

/* Begin PBXFileReference section */
		1101AE6B2B20F02C00CF7EC4 /* TestStan.app */ = {isa = PBXFileReference; explicitFileType = wrapper.application; includeInIndex = 0; path = TestStan.app; sourceTree = BUILT_PRODUCTS_DIR; };
		1101AE6E2B20F02C00CF7EC4 /* TestStanApp.swift */ = {isa = PBXFileReference; lastKnownFileType = sourcecode.swift; path = TestStanApp.swift; sourceTree = "<group>"; };
		1101AE702B20F02C00CF7EC4 /* ContentView.swift */ = {isa = PBXFileReference; lastKnownFileType = sourcecode.swift; path = ContentView.swift; sourceTree = "<group>"; };
		1101AE722B20F02E00CF7EC4 /* Assets.xcassets */ = {isa = PBXFileReference; lastKnownFileType = folder.assetcatalog; path = Assets.xcassets; sourceTree = "<group>"; };
		1101AE752B20F02E00CF7EC4 /* Preview Assets.xcassets */ = {isa = PBXFileReference; lastKnownFileType = folder.assetcatalog; path = "Preview Assets.xcassets"; sourceTree = "<group>"; };
		1101AE7B2B20F02F00CF7EC4 /* TestStanTests.xctest */ = {isa = PBXFileReference; explicitFileType = wrapper.cfbundle; includeInIndex = 0; path = TestStanTests.xctest; sourceTree = BUILT_PRODUCTS_DIR; };
		1101AE7F2B20F02F00CF7EC4 /* TestStanTests.swift */ = {isa = PBXFileReference; lastKnownFileType = sourcecode.swift; path = TestStanTests.swift; sourceTree = "<group>"; };
		1101AE852B20F02F00CF7EC4 /* TestStanUITests.xctest */ = {isa = PBXFileReference; explicitFileType = wrapper.cfbundle; includeInIndex = 0; path = TestStanUITests.xctest; sourceTree = BUILT_PRODUCTS_DIR; };
		1101AE892B20F02F00CF7EC4 /* TestStanUITests.swift */ = {isa = PBXFileReference; lastKnownFileType = sourcecode.swift; path = TestStanUITests.swift; sourceTree = "<group>"; };
		1101AE8B2B20F02F00CF7EC4 /* TestStanUITestsLaunchTests.swift */ = {isa = PBXFileReference; lastKnownFileType = sourcecode.swift; path = TestStanUITestsLaunchTests.swift; sourceTree = "<group>"; };
/* End PBXFileReference section */

/* Begin PBXFrameworksBuildPhase section */
		1101AE682B20F02C00CF7EC4 /* Frameworks */ = {
			isa = PBXFrameworksBuildPhase;
			buildActionMask = 2147483647;
			files = (
			);
			runOnlyForDeploymentPostprocessing = 0;
		};
		1101AE782B20F02F00CF7EC4 /* Frameworks */ = {
			isa = PBXFrameworksBuildPhase;
			buildActionMask = 2147483647;
			files = (
			);
			runOnlyForDeploymentPostprocessing = 0;
		};
		1101AE822B20F02F00CF7EC4 /* Frameworks */ = {
			isa = PBXFrameworksBuildPhase;
			buildActionMask = 2147483647;
			files = (
			);
			runOnlyForDeploymentPostprocessing = 0;
		};
/* End PBXFrameworksBuildPhase section */

/* Begin PBXGroup section */
		1101AE622B20F02B00CF7EC4 = {
			isa = PBXGroup;
			children = (
				1101AE6D2B20F02C00CF7EC4 /* TestStan */,
				1101AE7E2B20F02F00CF7EC4 /* TestStanTests */,
				1101AE882B20F02F00CF7EC4 /* TestStanUITests */,
				1101AE6C2B20F02C00CF7EC4 /* Products */,
			);
			sourceTree = "<group>";
		};
		1101AE6C2B20F02C00CF7EC4 /* Products */ = {
			isa = PBXGroup;
			children = (
				1101AE6B2B20F02C00CF7EC4 /* TestStan.app */,
				1101AE7B2B20F02F00CF7EC4 /* TestStanTests.xctest */,
				1101AE852B20F02F00CF7EC4 /* TestStanUITests.xctest */,
			);
			name = Products;
			sourceTree = "<group>";
		};
		1101AE6D2B20F02C00CF7EC4 /* TestStan */ = {
			isa = PBXGroup;
			children = (
				1101AE6E2B20F02C00CF7EC4 /* TestStanApp.swift */,
				1101AE702B20F02C00CF7EC4 /* ContentView.swift */,
				1101AE722B20F02E00CF7EC4 /* Assets.xcassets */,
				1101AE742B20F02E00CF7EC4 /* Preview Content */,
			);
			path = TestStan;
			sourceTree = "<group>";
		};
		1101AE742B20F02E00CF7EC4 /* Preview Content */ = {
			isa = PBXGroup;
			children = (
				1101AE752B20F02E00CF7EC4 /* Preview Assets.xcassets */,
			);
			path = "Preview Content";
			sourceTree = "<group>";
		};
		1101AE7E2B20F02F00CF7EC4 /* TestStanTests */ = {
			isa = PBXGroup;
			children = (
				1101AE7F2B20F02F00CF7EC4 /* TestStanTests.swift */,
			);
			path = TestStanTests;
			sourceTree = "<group>";
		};
		1101AE882B20F02F00CF7EC4 /* TestStanUITests */ = {
			isa = PBXGroup;
			children = (
				1101AE892B20F02F00CF7EC4 /* TestStanUITests.swift */,
				1101AE8B2B20F02F00CF7EC4 /* TestStanUITestsLaunchTests.swift */,
			);
			path = TestStanUITests;
			sourceTree = "<group>";
		};
/* End PBXGroup section */

/* Begin PBXNativeTarget section */
		1101AE6A2B20F02C00CF7EC4 /* TestStan */ = {
			isa = PBXNativeTarget;
			buildConfigurationList = 1101AE8F2B20F02F00CF7EC4 /* Build configuration list for PBXNativeTarget "TestStan" */;
			buildPhases = (
				1101AE672B20F02C00CF7EC4 /* Sources */,
				1101AE682B20F02C00CF7EC4 /* Frameworks */,
				1101AE692B20F02C00CF7EC4 /* Resources */,
			);
			buildRules = (
			);
			dependencies = (
			);
			name = TestStan;
			productName = TestStan;
			productReference = 1101AE6B2B20F02C00CF7EC4 /* TestStan.app */;
			productType = "com.apple.product-type.application";
		};
		1101AE7A2B20F02F00CF7EC4 /* TestStanTests */ = {
			isa = PBXNativeTarget;
			buildConfigurationList = 1101AE922B20F02F00CF7EC4 /* Build configuration list for PBXNativeTarget "TestStanTests" */;
			buildPhases = (
				1101AE772B20F02F00CF7EC4 /* Sources */,
				1101AE782B20F02F00CF7EC4 /* Frameworks */,
				1101AE792B20F02F00CF7EC4 /* Resources */,
			);
			buildRules = (
			);
			dependencies = (
				1101AE7D2B20F02F00CF7EC4 /* PBXTargetDependency */,
			);
			name = TestStanTests;
			productName = TestStanTests;
			productReference = 1101AE7B2B20F02F00CF7EC4 /* TestStanTests.xctest */;
			productType = "com.apple.product-type.bundle.unit-test";
		};
		1101AE842B20F02F00CF7EC4 /* TestStanUITests */ = {
			isa = PBXNativeTarget;
			buildConfigurationList = 1101AE952B20F02F00CF7EC4 /* Build configuration list for PBXNativeTarget "TestStanUITests" */;
			buildPhases = (
				1101AE812B20F02F00CF7EC4 /* Sources */,
				1101AE822B20F02F00CF7EC4 /* Frameworks */,
				1101AE832B20F02F00CF7EC4 /* Resources */,
			);
			buildRules = (
			);
			dependencies = (
				1101AE872B20F02F00CF7EC4 /* PBXTargetDependency */,
			);
			name = TestStanUITests;
			productName = TestStanUITests;
			productReference = 1101AE852B20F02F00CF7EC4 /* TestStanUITests.xctest */;
			productType = "com.apple.product-type.bundle.ui-testing";
		};
/* End PBXNativeTarget section */

/* Begin PBXProject section */
		1101AE632B20F02B00CF7EC4 /* Project object */ = {
			isa = PBXProject;
			attributes = {
				BuildIndependentTargetsInParallel = 1;
				LastSwiftUpdateCheck = 1500;
				LastUpgradeCheck = 1500;
				TargetAttributes = {
					1101AE6A2B20F02C00CF7EC4 = {
						CreatedOnToolsVersion = 15.0.1;
					};
					1101AE7A2B20F02F00CF7EC4 = {
						CreatedOnToolsVersion = 15.0.1;
						TestTargetID = 1101AE6A2B20F02C00CF7EC4;
					};
					1101AE842B20F02F00CF7EC4 = {
						CreatedOnToolsVersion = 15.0.1;
						TestTargetID = 1101AE6A2B20F02C00CF7EC4;
					};
				};
			};
			buildConfigurationList = 1101AE662B20F02B00CF7EC4 /* Build configuration list for PBXProject "TestStan" */;
			compatibilityVersion = "Xcode 14.0";
			developmentRegion = en;
			hasScannedForEncodings = 0;
			knownRegions = (
				en,
				Base,
			);
			mainGroup = 1101AE622B20F02B00CF7EC4;
			productRefGroup = 1101AE6C2B20F02C00CF7EC4 /* Products */;
			projectDirPath = "";
			projectRoot = "";
			targets = (
				1101AE6A2B20F02C00CF7EC4 /* TestStan */,
				1101AE7A2B20F02F00CF7EC4 /* TestStanTests */,
				1101AE842B20F02F00CF7EC4 /* TestStanUITests */,
			);
		};
/* End PBXProject section */

/* Begin PBXResourcesBuildPhase section */
		1101AE692B20F02C00CF7EC4 /* Resources */ = {
			isa = PBXResourcesBuildPhase;
			buildActionMask = 2147483647;
			files = (
				1101AE762B20F02E00CF7EC4 /* Preview Assets.xcassets in Resources */,
				1101AE732B20F02E00CF7EC4 /* Assets.xcassets in Resources */,
			);
			runOnlyForDeploymentPostprocessing = 0;
		};
		1101AE792B20F02F00CF7EC4 /* Resources */ = {
			isa = PBXResourcesBuildPhase;
			buildActionMask = 2147483647;
			files = (
			);
			runOnlyForDeploymentPostprocessing = 0;
		};
		1101AE832B20F02F00CF7EC4 /* Resources */ = {
			isa = PBXResourcesBuildPhase;
			buildActionMask = 2147483647;
			files = (
			);
			runOnlyForDeploymentPostprocessing = 0;
		};
/* End PBXResourcesBuildPhase section */

/* Begin PBXSourcesBuildPhase section */
		1101AE672B20F02C00CF7EC4 /* Sources */ = {
			isa = PBXSourcesBuildPhase;
			buildActionMask = 2147483647;
			files = (
				1101AE712B20F02C00CF7EC4 /* ContentView.swift in Sources */,
				1101AE6F2B20F02C00CF7EC4 /* TestStanApp.swift in Sources */,
			);
			runOnlyForDeploymentPostprocessing = 0;
		};
		1101AE772B20F02F00CF7EC4 /* Sources */ = {
			isa = PBXSourcesBuildPhase;
			buildActionMask = 2147483647;
			files = (
				1101AE802B20F02F00CF7EC4 /* TestStanTests.swift in Sources */,
			);
			runOnlyForDeploymentPostprocessing = 0;
		};
		1101AE812B20F02F00CF7EC4 /* Sources */ = {
			isa = PBXSourcesBuildPhase;
			buildActionMask = 2147483647;
			files = (
				1101AE8C2B20F02F00CF7EC4 /* TestStanUITestsLaunchTests.swift in Sources */,
				1101AE8A2B20F02F00CF7EC4 /* TestStanUITests.swift in Sources */,
			);
			runOnlyForDeploymentPostprocessing = 0;
		};
/* End PBXSourcesBuildPhase section */

/* Begin PBXTargetDependency section */
		1101AE7D2B20F02F00CF7EC4 /* PBXTargetDependency */ = {
			isa = PBXTargetDependency;
			target = 1101AE6A2B20F02C00CF7EC4 /* TestStan */;
			targetProxy = 1101AE7C2B20F02F00CF7EC4 /* PBXContainerItemProxy */;
		};
		1101AE872B20F02F00CF7EC4 /* PBXTargetDependency */ = {
			isa = PBXTargetDependency;
			target = 1101AE6A2B20F02C00CF7EC4 /* TestStan */;
			targetProxy = 1101AE862B20F02F00CF7EC4 /* PBXContainerItemProxy */;
		};
/* End PBXTargetDependency section */

/* Begin XCBuildConfiguration section */
		1101AE8D2B20F02F00CF7EC4 /* Debug */ = {
			isa = XCBuildConfiguration;
			buildSettings = {
				ALWAYS_SEARCH_USER_PATHS = NO;
				ASSETCATALOG_COMPILER_GENERATE_SWIFT_ASSET_SYMBOL_EXTENSIONS = YES;
				CLANG_ANALYZER_NONNULL = YES;
				CLANG_ANALYZER_NUMBER_OBJECT_CONVERSION = YES_AGGRESSIVE;
				CLANG_CXX_LANGUAGE_STANDARD = "gnu++20";
				CLANG_ENABLE_MODULES = YES;
				CLANG_ENABLE_OBJC_ARC = YES;
				CLANG_ENABLE_OBJC_WEAK = YES;
				CLANG_WARN_BLOCK_CAPTURE_AUTORELEASING = YES;
				CLANG_WARN_BOOL_CONVERSION = YES;
				CLANG_WARN_COMMA = YES;
				CLANG_WARN_CONSTANT_CONVERSION = YES;
				CLANG_WARN_DEPRECATED_OBJC_IMPLEMENTATIONS = YES;
				CLANG_WARN_DIRECT_OBJC_ISA_USAGE = YES_ERROR;
				CLANG_WARN_DOCUMENTATION_COMMENTS = YES;
				CLANG_WARN_EMPTY_BODY = YES;
				CLANG_WARN_ENUM_CONVERSION = YES;
				CLANG_WARN_INFINITE_RECURSION = YES;
				CLANG_WARN_INT_CONVERSION = YES;
				CLANG_WARN_NON_LITERAL_NULL_CONVERSION = YES;
				CLANG_WARN_OBJC_IMPLICIT_RETAIN_SELF = YES;
				CLANG_WARN_OBJC_LITERAL_CONVERSION = YES;
				CLANG_WARN_OBJC_ROOT_CLASS = YES_ERROR;
				CLANG_WARN_QUOTED_INCLUDE_IN_FRAMEWORK_HEADER = YES;
				CLANG_WARN_RANGE_LOOP_ANALYSIS = YES;
				CLANG_WARN_STRICT_PROTOTYPES = YES;
				CLANG_WARN_SUSPICIOUS_MOVE = YES;
				CLANG_WARN_UNGUARDED_AVAILABILITY = YES_AGGRESSIVE;
				CLANG_WARN_UNREACHABLE_CODE = YES;
				CLANG_WARN__DUPLICATE_METHOD_MATCH = YES;
				COPY_PHASE_STRIP = NO;
				DEBUG_INFORMATION_FORMAT = dwarf;
				ENABLE_STRICT_OBJC_MSGSEND = YES;
				ENABLE_TESTABILITY = YES;
				ENABLE_USER_SCRIPT_SANDBOXING = YES;
				GCC_C_LANGUAGE_STANDARD = gnu17;
				GCC_DYNAMIC_NO_PIC = NO;
				GCC_NO_COMMON_BLOCKS = YES;
				GCC_OPTIMIZATION_LEVEL = 0;
				GCC_PREPROCESSOR_DEFINITIONS = (
					"DEBUG=1",
					"$(inherited)",
				);
				GCC_WARN_64_TO_32_BIT_CONVERSION = YES;
				GCC_WARN_ABOUT_RETURN_TYPE = YES_ERROR;
				GCC_WARN_UNDECLARED_SELECTOR = YES;
				GCC_WARN_UNINITIALIZED_AUTOS = YES_AGGRESSIVE;
				GCC_WARN_UNUSED_FUNCTION = YES;
				GCC_WARN_UNUSED_VARIABLE = YES;
				IPHONEOS_DEPLOYMENT_TARGET = 17.0;
				LOCALIZATION_PREFERS_STRING_CATALOGS = YES;
				MTL_ENABLE_DEBUG_INFO = INCLUDE_SOURCE;
				MTL_FAST_MATH = YES;
				ONLY_ACTIVE_ARCH = YES;
				SDKROOT = iphoneos;
				SWIFT_ACTIVE_COMPILATION_CONDITIONS = "DEBUG $(inherited)";
				SWIFT_OPTIMIZATION_LEVEL = "-Onone";
			};
			name = Debug;
		};
		1101AE8E2B20F02F00CF7EC4 /* Release */ = {
			isa = XCBuildConfiguration;
			buildSettings = {
				ALWAYS_SEARCH_USER_PATHS = NO;
				ASSETCATALOG_COMPILER_GENERATE_SWIFT_ASSET_SYMBOL_EXTENSIONS = YES;
				CLANG_ANALYZER_NONNULL = YES;
				CLANG_ANALYZER_NUMBER_OBJECT_CONVERSION = YES_AGGRESSIVE;
				CLANG_CXX_LANGUAGE_STANDARD = "gnu++20";
				CLANG_ENABLE_MODULES = YES;
				CLANG_ENABLE_OBJC_ARC = YES;
				CLANG_ENABLE_OBJC_WEAK = YES;
				CLANG_WARN_BLOCK_CAPTURE_AUTORELEASING = YES;
				CLANG_WARN_BOOL_CONVERSION = YES;
				CLANG_WARN_COMMA = YES;
				CLANG_WARN_CONSTANT_CONVERSION = YES;
				CLANG_WARN_DEPRECATED_OBJC_IMPLEMENTATIONS = YES;
				CLANG_WARN_DIRECT_OBJC_ISA_USAGE = YES_ERROR;
				CLANG_WARN_DOCUMENTATION_COMMENTS = YES;
				CLANG_WARN_EMPTY_BODY = YES;
				CLANG_WARN_ENUM_CONVERSION = YES;
				CLANG_WARN_INFINITE_RECURSION = YES;
				CLANG_WARN_INT_CONVERSION = YES;
				CLANG_WARN_NON_LITERAL_NULL_CONVERSION = YES;
				CLANG_WARN_OBJC_IMPLICIT_RETAIN_SELF = YES;
				CLANG_WARN_OBJC_LITERAL_CONVERSION = YES;
				CLANG_WARN_OBJC_ROOT_CLASS = YES_ERROR;
				CLANG_WARN_QUOTED_INCLUDE_IN_FRAMEWORK_HEADER = YES;
				CLANG_WARN_RANGE_LOOP_ANALYSIS = YES;
				CLANG_WARN_STRICT_PROTOTYPES = YES;
				CLANG_WARN_SUSPICIOUS_MOVE = YES;
				CLANG_WARN_UNGUARDED_AVAILABILITY = YES_AGGRESSIVE;
				CLANG_WARN_UNREACHABLE_CODE = YES;
				CLANG_WARN__DUPLICATE_METHOD_MATCH = YES;
				COPY_PHASE_STRIP = NO;
				DEBUG_INFORMATION_FORMAT = "dwarf-with-dsym";
				ENABLE_NS_ASSERTIONS = NO;
				ENABLE_STRICT_OBJC_MSGSEND = YES;
				ENABLE_USER_SCRIPT_SANDBOXING = YES;
				GCC_C_LANGUAGE_STANDARD = gnu17;
				GCC_NO_COMMON_BLOCKS = YES;
				GCC_WARN_64_TO_32_BIT_CONVERSION = YES;
				GCC_WARN_ABOUT_RETURN_TYPE = YES_ERROR;
				GCC_WARN_UNDECLARED_SELECTOR = YES;
				GCC_WARN_UNINITIALIZED_AUTOS = YES_AGGRESSIVE;
				GCC_WARN_UNUSED_FUNCTION = YES;
				GCC_WARN_UNUSED_VARIABLE = YES;
				IPHONEOS_DEPLOYMENT_TARGET = 17.0;
				LOCALIZATION_PREFERS_STRING_CATALOGS = YES;
				MTL_ENABLE_DEBUG_INFO = NO;
				MTL_FAST_MATH = YES;
				SDKROOT = iphoneos;
				SWIFT_COMPILATION_MODE = wholemodule;
				VALIDATE_PRODUCT = YES;
			};
			name = Release;
		};
		1101AE902B20F02F00CF7EC4 /* Debug */ = {
			isa = XCBuildConfiguration;
			buildSettings = {
				ASSETCATALOG_COMPILER_APPICON_NAME = AppIcon;
				ASSETCATALOG_COMPILER_GLOBAL_ACCENT_COLOR_NAME = AccentColor;
				CODE_SIGN_STYLE = Automatic;
				CURRENT_PROJECT_VERSION = 1;
				DEVELOPMENT_ASSET_PATHS = "\"TestStan/Preview Content\"";
				DEVELOPMENT_TEAM = 8H3L55K75Z;
				ENABLE_PREVIEWS = YES;
				GENERATE_INFOPLIST_FILE = YES;
				INFOPLIST_KEY_UIApplicationSceneManifest_Generation = YES;
				INFOPLIST_KEY_UIApplicationSupportsIndirectInputEvents = YES;
				INFOPLIST_KEY_UILaunchScreen_Generation = YES;
				INFOPLIST_KEY_UISupportedInterfaceOrientations_iPad = "UIInterfaceOrientationPortrait UIInterfaceOrientationPortraitUpsideDown UIInterfaceOrientationLandscapeLeft UIInterfaceOrientationLandscapeRight";
				INFOPLIST_KEY_UISupportedInterfaceOrientations_iPhone = "UIInterfaceOrientationPortrait UIInterfaceOrientationLandscapeLeft UIInterfaceOrientationLandscapeRight";
				LD_RUNPATH_SEARCH_PATHS = (
					"$(inherited)",
					"@executable_path/Frameworks",
				);
				MARKETING_VERSION = 1.0;
				PRODUCT_BUNDLE_IDENTIFIER = com.whalescale.TestStan;
				PRODUCT_NAME = "$(TARGET_NAME)";
				SWIFT_EMIT_LOC_STRINGS = YES;
				SWIFT_VERSION = 5.0;
				TARGETED_DEVICE_FAMILY = "1,2";
			};
			name = Debug;
		};
		1101AE912B20F02F00CF7EC4 /* Release */ = {
			isa = XCBuildConfiguration;
			buildSettings = {
				ASSETCATALOG_COMPILER_APPICON_NAME = AppIcon;
				ASSETCATALOG_COMPILER_GLOBAL_ACCENT_COLOR_NAME = AccentColor;
				CODE_SIGN_STYLE = Automatic;
				CURRENT_PROJECT_VERSION = 1;
				DEVELOPMENT_ASSET_PATHS = "\"TestStan/Preview Content\"";
				DEVELOPMENT_TEAM = 8H3L55K75Z;
				ENABLE_PREVIEWS = YES;
				GENERATE_INFOPLIST_FILE = YES;
				INFOPLIST_KEY_UIApplicationSceneManifest_Generation = YES;
				INFOPLIST_KEY_UIApplicationSupportsIndirectInputEvents = YES;
				INFOPLIST_KEY_UILaunchScreen_Generation = YES;
				INFOPLIST_KEY_UISupportedInterfaceOrientations_iPad = "UIInterfaceOrientationPortrait UIInterfaceOrientationPortraitUpsideDown UIInterfaceOrientationLandscapeLeft UIInterfaceOrientationLandscapeRight";
				INFOPLIST_KEY_UISupportedInterfaceOrientations_iPhone = "UIInterfaceOrientationPortrait UIInterfaceOrientationLandscapeLeft UIInterfaceOrientationLandscapeRight";
				LD_RUNPATH_SEARCH_PATHS = (
					"$(inherited)",
					"@executable_path/Frameworks",
				);
				MARKETING_VERSION = 1.0;
				PRODUCT_BUNDLE_IDENTIFIER = com.whalescale.TestStan;
				PRODUCT_NAME = "$(TARGET_NAME)";
				SWIFT_EMIT_LOC_STRINGS = YES;
				SWIFT_VERSION = 5.0;
				TARGETED_DEVICE_FAMILY = "1,2";
			};
			name = Release;
		};
		1101AE932B20F02F00CF7EC4 /* Debug */ = {
			isa = XCBuildConfiguration;
			buildSettings = {
				ALWAYS_EMBED_SWIFT_STANDARD_LIBRARIES = YES;
				BUNDLE_LOADER = "$(TEST_HOST)";
				CODE_SIGN_STYLE = Automatic;
				CURRENT_PROJECT_VERSION = 1;
				DEVELOPMENT_TEAM = 8H3L55K75Z;
				GENERATE_INFOPLIST_FILE = YES;
				IPHONEOS_DEPLOYMENT_TARGET = 17.0;
				MARKETING_VERSION = 1.0;
				PRODUCT_BUNDLE_IDENTIFIER = com.whalescale.TestStanTests;
				PRODUCT_NAME = "$(TARGET_NAME)";
				SWIFT_EMIT_LOC_STRINGS = NO;
				SWIFT_VERSION = 5.0;
				TARGETED_DEVICE_FAMILY = "1,2";
				TEST_HOST = "$(BUILT_PRODUCTS_DIR)/TestStan.app/$(BUNDLE_EXECUTABLE_FOLDER_PATH)/TestStan";
			};
			name = Debug;
		};
		1101AE942B20F02F00CF7EC4 /* Release */ = {
			isa = XCBuildConfiguration;
			buildSettings = {
				ALWAYS_EMBED_SWIFT_STANDARD_LIBRARIES = YES;
				BUNDLE_LOADER = "$(TEST_HOST)";
				CODE_SIGN_STYLE = Automatic;
				CURRENT_PROJECT_VERSION = 1;
				DEVELOPMENT_TEAM = 8H3L55K75Z;
				GENERATE_INFOPLIST_FILE = YES;
				IPHONEOS_DEPLOYMENT_TARGET = 17.0;
				MARKETING_VERSION = 1.0;
				PRODUCT_BUNDLE_IDENTIFIER = com.whalescale.TestStanTests;
				PRODUCT_NAME = "$(TARGET_NAME)";
				SWIFT_EMIT_LOC_STRINGS = NO;
				SWIFT_VERSION = 5.0;
				TARGETED_DEVICE_FAMILY = "1,2";
				TEST_HOST = "$(BUILT_PRODUCTS_DIR)/TestStan.app/$(BUNDLE_EXECUTABLE_FOLDER_PATH)/TestStan";
			};
			name = Release;
		};
		1101AE962B20F02F00CF7EC4 /* Debug */ = {
			isa = XCBuildConfiguration;
			buildSettings = {
				ALWAYS_EMBED_SWIFT_STANDARD_LIBRARIES = YES;
				CODE_SIGN_STYLE = Automatic;
				CURRENT_PROJECT_VERSION = 1;
				DEVELOPMENT_TEAM = 8H3L55K75Z;
				GENERATE_INFOPLIST_FILE = YES;
				MARKETING_VERSION = 1.0;
				PRODUCT_BUNDLE_IDENTIFIER = com.whalescale.TestStanUITests;
				PRODUCT_NAME = "$(TARGET_NAME)";
				SWIFT_EMIT_LOC_STRINGS = NO;
				SWIFT_VERSION = 5.0;
				TARGETED_DEVICE_FAMILY = "1,2";
				TEST_TARGET_NAME = TestStan;
			};
			name = Debug;
		};
		1101AE972B20F02F00CF7EC4 /* Release */ = {
			isa = XCBuildConfiguration;
			buildSettings = {
				ALWAYS_EMBED_SWIFT_STANDARD_LIBRARIES = YES;
				CODE_SIGN_STYLE = Automatic;
				CURRENT_PROJECT_VERSION = 1;
				DEVELOPMENT_TEAM = 8H3L55K75Z;
				GENERATE_INFOPLIST_FILE = YES;
				MARKETING_VERSION = 1.0;
				PRODUCT_BUNDLE_IDENTIFIER = com.whalescale.TestStanUITests;
				PRODUCT_NAME = "$(TARGET_NAME)";
				SWIFT_EMIT_LOC_STRINGS = NO;
				SWIFT_VERSION = 5.0;
				TARGETED_DEVICE_FAMILY = "1,2";
				TEST_TARGET_NAME = TestStan;
			};
			name = Release;
		};
/* End XCBuildConfiguration section */

/* Begin XCConfigurationList section */
		1101AE662B20F02B00CF7EC4 /* Build configuration list for PBXProject "TestStan" */ = {
			isa = XCConfigurationList;
			buildConfigurations = (
				1101AE8D2B20F02F00CF7EC4 /* Debug */,
				1101AE8E2B20F02F00CF7EC4 /* Release */,
			);
			defaultConfigurationIsVisible = 0;
			defaultConfigurationName = Release;
		};
		1101AE8F2B20F02F00CF7EC4 /* Build configuration list for PBXNativeTarget "TestStan" */ = {
			isa = XCConfigurationList;
			buildConfigurations = (
				1101AE902B20F02F00CF7EC4 /* Debug */,
				1101AE912B20F02F00CF7EC4 /* Release */,
			);
			defaultConfigurationIsVisible = 0;
			defaultConfigurationName = Release;
		};
		1101AE922B20F02F00CF7EC4 /* Build configuration list for PBXNativeTarget "TestStanTests" */ = {
			isa = XCConfigurationList;
			buildConfigurations = (
				1101AE932B20F02F00CF7EC4 /* Debug */,
				1101AE942B20F02F00CF7EC4 /* Release */,
			);
			defaultConfigurationIsVisible = 0;
			defaultConfigurationName = Release;
		};
		1101AE952B20F02F00CF7EC4 /* Build configuration list for PBXNativeTarget "TestStanUITests" */ = {
			isa = XCConfigurationList;
			buildConfigurations = (
				1101AE962B20F02F00CF7EC4 /* Debug */,
				1101AE972B20F02F00CF7EC4 /* Release */,
			);
			defaultConfigurationIsVisible = 0;
			defaultConfigurationName = Release;
		};
/* End XCConfigurationList section */
	};
	rootObject = 1101AE632B20F02B00CF7EC4 /* Project object */;
}
